
Microsoft Visual Studio Solution File, Format Version 12.00
# Visual Studio 2013
VisualStudioVersion = 12.0.31101.0
MinimumVisualStudioVersion = 10.0.40219.1
Project("{FAE04EC0-301F-11D3-BF4B-00C04F79EFBC}") = "RedPencil", "RedPencil.csproj", "{AC53B918-D8F6-429A-8140-B8284E7ABF75}"
EndProject
Project("{FAE04EC0-301F-11D3-BF4B-00C04F79EFBC}") = "RedPencil.Test", "..\RedPencil.Test\RedPencil.Test.csproj", "{2377C3B0-77CD-4468-8868-3D281D0FD28D}"
EndProject
Global
	GlobalSection(SolutionConfigurationPlatforms) = preSolution
		Debug|Any CPU = Debug|Any CPU
		Release|Any CPU = Release|Any CPU
	EndGlobalSection
	GlobalSection(ProjectConfigurationPlatforms) = postSolution
		{AC53B918-D8F6-429A-8140-B8284E7ABF75}.Debug|Any CPU.ActiveCfg = Debug|Any CPU
		{AC53B918-D8F6-429A-8140-B8284E7ABF75}.Debug|Any CPU.Build.0 = Debug|Any CPU
		{AC53B918-D8F6-429A-8140-B8284E7ABF75}.Release|Any CPU.ActiveCfg = Release|Any CPU
		{AC53B918-D8F6-429A-8140-B8284E7ABF75}.Release|Any CPU.Build.0 = Release|Any CPU
		{2377C3B0-77CD-4468-8868-3D281D0FD28D}.Debug|Any CPU.ActiveCfg = Debug|Any CPU
		{2377C3B0-77CD-4468-8868-3D281D0FD28D}.Debug|Any CPU.Build.0 = Debug|Any CPU
		{2377C3B0-77CD-4468-8868-3D281D0FD28D}.Release|Any CPU.ActiveCfg = Release|Any CPU
		{2377C3B0-77CD-4468-8868-3D281D0FD28D}.Release|Any CPU.Build.0 = Release|Any CPU
	EndGlobalSection
	GlobalSection(SolutionProperties) = preSolution
		HideSolutionNode = FALSE
	EndGlobalSection
EndGlobal
